{
  "name": "@diagrampilot/workspace",
  "version": "0.1.0",
  "lockfileVersion": 3,
  "requires": true,
  "packages": {
    "": {
      "name": "@diagrampilot/workspace",
      "version": "0.1.0",
      "license": "UNLICENSED",
      "workspaces": [
        "packages/*"
      ],
      "devDependencies": {
        "@types/node": "^25.9.1",
        "typescript": "^6.0.3"
      },
      "engines": {
        "node": ">=22"
      }
    },
    "node_modules/@diagrampilot/core": {
      "resolved": "packages/core",
      "link": true
    },
    "node_modules/@diagrampilot/export-d2": {
      "resolved": "packages/export-d2",
      "link": true
    },
    "node_modules/@diagrampilot/export-mermaid": {
      "resolved": "packages/export-mermaid",
      "link": true
    },
    "node_modules/@diagrampilot/icons": {
      "resolved": "packages/icons",
      "link": true
    },
    "node_modules/@diagrampilot/render-svg": {
      "resolved": "packages/render-svg",
      "link": true
    },
    "node_modules/@types/node": {
      "version": "25.9.1",
      "resolved": "https://registry.npmjs.org/@types/node/-/node-25.9.1.tgz",
      "integrity": "sha512-xfrlY7UD5rMJk3ZVJP8BNzS28J36YJg+xp+LPXV1TdWxr8uMH5A860QNxYDGQe/ylDSgjxE52Q9VnO7p75tJxg==",
      "dev": true,
      "license": "MIT",
      "dependencies": {
        "undici-types": ">=7.24.0 <7.24.7"
      }
    },
    "node_modules/diagrampilot": {
      "resolved": "packages/cli",
      "link": true
    },
    "node_modules/typescript": {
      "version": "6.0.3",
      "resolved": "https://registry.npmjs.org/typescript/-/typescript-6.0.3.tgz",
      "integrity": "sha512-y2TvuxSZPDyQakkFRPZHKFm+KKVqIisdg9/CZwm9ftvKXLP8NRWj38/ODjNbr43SsoXqNuAisEf1GdCxqWcdBw==",
      "dev": true,
      "license": "Apache-2.0",
      "bin": {
        "tsc": "bin/tsc",
        "tsserver": "bin/tsserver"
      },
      "engines": {
        "node": ">=14.17"
      }
    },
    "node_modules/undici-types": {
      "version": "7.24.6",
      "resolved": "https://registry.npmjs.org/undici-types/-/undici-types-7.24.6.tgz",
      "integrity": "sha512-WRNW+sJgj5OBN4/0JpHFqtqzhpbnV0GuB+OozA9gCL7a993SmU+1JBZCzLNxYsbMfIeDL+lTsphD5jN5N+n0zg==",
      "dev": true,
      "license": "MIT"
    },
    "node_modules/yaml": {
      "version": "2.9.0",
      "resolved": "https://registry.npmjs.org/yaml/-/yaml-2.9.0.tgz",
      "integrity": "sha512-2AvhNX3mb8zd6Zy7INTtSpl1F15HW6Wnqj0srWlkKLcpYl/gMIMJiyuGq2KeI2YFxUPjdlB+3Lc10seMLtL4cA==",
      "license": "ISC",
      "bin": {
        "yaml": "bin.mjs"
      },
      "engines": {
        "node": ">= 14.6"
      },
      "funding": {
        "url": "https://github.com/sponsors/eemeli"
      }
    },
    "packages/cli": {
      "name": "diagrampilot",
      "version": "0.1.0",
      "dependencies": {
        "@diagrampilot/core": "0.1.0"
      },
      "bin": {
        "diagrampilot": "dist/index.js"
      }
    },
    "packages/core": {
      "name": "@diagrampilot/core",
      "version": "0.1.0",
      "dependencies": {
        "yaml": "^2.9.0"
      }
    },
    "packages/export-d2": {
      "name": "@diagrampilot/export-d2",
      "version": "0.1.0",
      "dependencies": {
        "@diagrampilot/core": "0.1.0"
      }
    },
    "packages/export-mermaid": {
      "name": "@diagrampilot/export-mermaid",
      "version": "0.1.0",
      "dependencies": {
        "@diagrampilot/core": "0.1.0"
      }
    },
    "packages/icons": {
      "name": "@diagrampilot/icons",
      "version": "0.1.0"
    },
    "packages/render-svg": {
      "name": "@diagrampilot/render-svg",
      "version": "0.1.0",
      "dependencies": {
        "@diagrampilot/core": "0.1.0",
        "@diagrampilot/export-d2": "0.1.0"
      }
    }
  }
}
